
Microsoft Visual Studio Solution File, Format Version 12.00
# Visual Studio Version 16
VisualStudioVersion = 16.0.29926.136
MinimumVisualStudioVersion = 10.0.40219.1
Project("{9A19103F-16F7-4668-BE54-9A1E7A4F7556}") = "BusinessLayer", "BusinessLayer\BusinessLayer.csproj", "{6EE36FF6-2D26-4ECE-924D-91442CEAB8B7}"
EndProject
Project("{9A19103F-16F7-4668-BE54-9A1E7A4F7556}") = "DataLayer", "DataLayer\DataLayer.csproj", "{D38433D1-CFF3-4822-8C80-932076052138}"
EndProject
Project("{FAE04EC0-301F-11D3-BF4B-00C04F79EFBC}") = "ApplicationUnitTest", "ApplicationUnitTest\ApplicationUnitTest.csproj", "{7DF03B36-4EAB-4164-B96A-CF77CE86B29E}"
EndProject
Project("{FAE04EC0-301F-11D3-BF4B-00C04F79EFBC}") = "FileGeneratorApp", "FileGeneratorApp\FileGeneratorApp.csproj", "{EE2FDAB8-1DFB-41BB-B23D-B9DC4B1B6F10}"
EndProject
Global
	GlobalSection(SolutionConfigurationPlatforms) = preSolution
		Debug|Any CPU = Debug|Any CPU
		Release|Any CPU = Release|Any CPU
	EndGlobalSection
	GlobalSection(ProjectConfigurationPlatforms) = postSolution
		{6EE36FF6-2D26-4ECE-924D-91442CEAB8B7}.Debug|Any CPU.ActiveCfg = Debug|Any CPU
		{6EE36FF6-2D26-4ECE-924D-91442CEAB8B7}.Debug|Any CPU.Build.0 = Debug|Any CPU
		{6EE36FF6-2D26-4ECE-924D-91442CEAB8B7}.Release|Any CPU.ActiveCfg = Release|Any CPU
		{6EE36FF6-2D26-4ECE-924D-91442CEAB8B7}.Release|Any CPU.Build.0 = Release|Any CPU
		{D38433D1-CFF3-4822-8C80-932076052138}.Debug|Any CPU.ActiveCfg = Debug|Any CPU
		{D38433D1-CFF3-4822-8C80-932076052138}.Debug|Any CPU.Build.0 = Debug|Any CPU
		{D38433D1-CFF3-4822-8C80-932076052138}.Release|Any CPU.ActiveCfg = Release|Any CPU
		{D38433D1-CFF3-4822-8C80-932076052138}.Release|Any CPU.Build.0 = Release|Any CPU
		{7DF03B36-4EAB-4164-B96A-CF77CE86B29E}.Debug|Any CPU.ActiveCfg = Debug|Any CPU
		{7DF03B36-4EAB-4164-B96A-CF77CE86B29E}.Debug|Any CPU.Build.0 = Debug|Any CPU
		{7DF03B36-4EAB-4164-B96A-CF77CE86B29E}.Release|Any CPU.ActiveCfg = Release|Any CPU
		{7DF03B36-4EAB-4164-B96A-CF77CE86B29E}.Release|Any CPU.Build.0 = Release|Any CPU
		{EE2FDAB8-1DFB-41BB-B23D-B9DC4B1B6F10}.Debug|Any CPU.ActiveCfg = Debug|Any CPU
		{EE2FDAB8-1DFB-41BB-B23D-B9DC4B1B6F10}.Debug|Any CPU.Build.0 = Debug|Any CPU
		{EE2FDAB8-1DFB-41BB-B23D-B9DC4B1B6F10}.Release|Any CPU.ActiveCfg = Release|Any CPU
		{EE2FDAB8-1DFB-41BB-B23D-B9DC4B1B6F10}.Release|Any CPU.Build.0 = Release|Any CPU
	EndGlobalSection
	GlobalSection(SolutionProperties) = preSolution
		HideSolutionNode = FALSE
	EndGlobalSection
	GlobalSection(ExtensibilityGlobals) = postSolution
		SolutionGuid = {0EF373A2-AA2D-40E1-9072-1C499F43ACF9}
	EndGlobalSection
EndGlobal
